{
    "_meta": {
        "hash": {
            "sha256": "7dd97e3922f469518f752bd56280a1ed711d9c4fa85ce36f7794f0ffc08920aa"
        },
        "pipfile-spec": 6,
        "requires": {
            "python_version": "3.5"
        },
        "sources": [
            {
                "name": "pypi",
                "url": "https://pypi.tuna.tsinghua.edu.cn/simple",
                "verify_ssl": true
            }
        ]
    },
    "default": {},
    "develop": {}
}
