{
    "_meta": {
        "hash": {
            "sha256": "7035aeb24b54f89122d6217b69e78a1f3162ff0b544246d8f4b99d5abe4c3688"
        },
        "host-environment-markers": {
            "implementation_name": "cpython",
            "implementation_version": "3.5.0",
            "os_name": "posix",
            "platform_machine": "x86_64",
            "platform_python_implementation": "CPython",
            "platform_release": "17.3.0",
            "platform_system": "Darwin",
            "platform_version": "Darwin Kernel Version 17.3.0: Thu Nov  9 18:09:22 PST 2017; root:xnu-4570.31.3~1/RELEASE_X86_64",
            "python_full_version": "3.5.0",
            "python_version": "3.5",
            "sys_platform": "darwin"
        },
        "pipfile-spec": 6,
        "requires": {},
        "sources": [
            {
                "name": "pypi",
                "url": "https://pypi.tuna.tsinghua.edu.cn/simple",
                "verify_ssl": true
            }
        ]
    },
    "default": {
        "alembic": {
            "hashes": [],
            "version": "==0.9.6"
        },
        "aniso8601": {
            "hashes": [],
            "version": "==2.0.0"
        },
        "appnope": {
            "hashes": [],
            "markers": "sys_platform == 'darwin'",
            "version": "==0.1.0"
        },
        "astroid": {
            "hashes": [],
            "version": "==1.5.3"
        },
        "babel": {
            "hashes": [],
            "version": "==2.5.1"
        },
        "bleach": {
            "hashes": [],
            "version": "==2.1.1"
        },
        "blinker": {
            "hashes": [],
            "version": "==1.4"
        },
        "click": {
            "hashes": [],
            "version": "==6.7"
        },
        "decorator": {
            "hashes": [],
            "version": "==4.1.2"
        },
        "dominate": {
            "hashes": [],
            "version": "==2.3.1"
        },
        "flask": {
            "hashes": [],
            "version": "==0.12.2"
        },
        "flask-admin": {
            "hashes": [],
            "version": "==1.5.0"
        },
        "flask-babel": {
            "hashes": [],
            "version": "==0.11.2"
        },
        "flask-babelex": {
            "hashes": [],
            "version": "==0.9.3"
        },
        "flask-bootstrap": {
            "hashes": [],
            "version": "==3.3.7.1"
        },
        "flask-login": {
            "hashes": [],
            "version": "==0.4.0"
        },
        "flask-mail": {
            "hashes": [],
            "version": "==0.9.1"
        },
        "flask-markdown": {
            "hashes": [],
            "version": "==0.3"
        },
        "flask-migrate": {
            "hashes": [],
            "version": "==2.1.1"
        },
        "flask-moment": {
            "hashes": [],
            "version": "==0.6.0"
        },
        "flask-msearch": {
            "hashes": [],
            "version": "==0.1.5"
        },
        "flask-pagedown": {
            "hashes": [],
            "version": "==0.2.2"
        },
        "flask-paginate": {
            "hashes": [],
            "version": "==0.5.1"
        },
        "flask-restful": {
            "hashes": [],
            "version": "==0.3.6"
        },
        "flask-script": {
            "hashes": [],
            "version": "==2.0.6"
        },
        "flask-sqlalchemy": {
            "hashes": [],
            "version": "==2.3.2"
        },
        "flask-superadmin": {
            "hashes": [],
            "version": "==1.7.1"
        },
        "flask-uploads": {
            "hashes": [],
            "version": "==0.2.1"
        },
        "flask-whooshalchemy": {
            "hashes": [],
            "version": "==0.56"
        },
        "flask-wtf": {
            "hashes": [],
            "version": "==0.14.2"
        },
        "html5lib": {
            "hashes": [],
            "version": "==1.0b10"
        },
        "ipython": {
            "hashes": [],
            "version": "==6.2.1"
        },
        "ipython-genutils": {
            "hashes": [],
            "version": "==0.2.0"
        },
        "isort": {
            "hashes": [],
            "version": "==4.2.15"
        },
        "itsdangerous": {
            "hashes": [],
            "version": "==0.24"
        },
        "jedi": {
            "hashes": [],
            "version": "==0.11.0"
        },
        "jieba": {
            "hashes": [],
            "version": "==0.39"
        },
        "jinja2": {
            "hashes": [],
            "version": "==2.9.6"
        },
        "lazy-object-proxy": {
            "hashes": [],
            "version": "==1.3.1"
        },
        "mako": {
            "hashes": [],
            "version": "==1.0.7"
        },
        "markdown": {
            "hashes": [],
            "version": "==2.6.9"
        },
        "markupsafe": {
            "hashes": [],
            "version": "==1.0"
        },
        "mccabe": {
            "hashes": [],
            "version": "==0.6.1"
        },
        "olefile": {
            "hashes": [],
            "version": "==0.44"
        },
        "parso": {
            "hashes": [],
            "version": "==0.1.0"
        },
        "pexpect": {
            "hashes": [],
            "version": "==4.2.1"
        },
        "pickleshare": {
            "hashes": [],
            "version": "==0.7.4"
        },
        "pillow": {
            "hashes": [],
            "version": "==4.3.0"
        },
        "prompt-toolkit": {
            "hashes": [],
            "version": "==1.0.15"
        },
        "ptyprocess": {
            "hashes": [],
            "version": "==0.5.2"
        },
        "pygments": {
            "hashes": [],
            "version": "==2.2.0"
        },
        "python-dateutil": {
            "hashes": [],
            "version": "==2.6.1"
        },
        "python-editor": {
            "hashes": [],
            "version": "==1.0.3"
        },
        "pytz": {
            "hashes": [],
            "version": "==2017.3"
        },
        "redis": {
            "hashes": [],
            "version": "==2.10.6"
        },
        "simplegeneric": {
            "hashes": [],
            "version": "==0.8.1"
        },
        "six": {
            "hashes": [],
            "version": "==1.11.0"
        },
        "speaklater": {
            "hashes": [],
            "version": "==1.3"
        },
        "sqlalchemy": {
            "hashes": [],
            "version": "==1.1.15"
        },
        "traitlets": {
            "hashes": [],
            "version": "==4.3.2"
        },
        "visitor": {
            "hashes": [],
            "version": "==0.1.3"
        },
        "wcwidth": {
            "hashes": [],
            "version": "==0.1.7"
        },
        "webencodings": {
            "hashes": [],
            "version": "==0.5.1"
        },
        "werkzeug": {
            "hashes": [],
            "version": "==0.12.2"
        },
        "whoosh": {
            "hashes": [],
            "version": "==2.7.4"
        },
        "wrapt": {
            "hashes": [],
            "version": "==1.10.11"
        },
        "wtforms": {
            "hashes": [],
            "version": "==2.1"
        }
    },
    "develop": {}
}
